
Microsoft Visual Studio Solution File, Format Version 12.00
# Visual Studio Version 17
VisualStudioVersion = 17.2.32519.379
MinimumVisualStudioVersion = 10.0.40219.1
Project("{FAE04EC0-301F-11D3-BF4B-00C04F79EFBC}") = "DayOne", "DayOne\DayOne.csproj", "{245BF284-044E-4934-B63A-033097737714}"
EndProject
Global
	GlobalSection(SolutionConfigurationPlatforms) = preSolution
		Debug|Any CPU = Debug|Any CPU
		Release|Any CPU = Release|Any CPU
	EndGlobalSection
	GlobalSection(ProjectConfigurationPlatforms) = postSolution
		{245BF284-044E-4934-B63A-033097737714}.Debug|Any CPU.ActiveCfg = Debug|Any CPU
		{245BF284-044E-4934-B63A-033097737714}.Debug|Any CPU.Build.0 = Debug|Any CPU
		{245BF284-044E-4934-B63A-033097737714}.Release|Any CPU.ActiveCfg = Release|Any CPU
		{245BF284-044E-4934-B63A-033097737714}.Release|Any CPU.Build.0 = Release|Any CPU
	EndGlobalSection
	GlobalSection(SolutionProperties) = preSolution
		HideSolutionNode = FALSE
	EndGlobalSection
	GlobalSection(ExtensibilityGlobals) = postSolution
		SolutionGuid = {8AB93E5D-8A39-4B20-922B-9E19819A0BBB}
	EndGlobalSection
EndGlobal
